
Microsoft Visual Studio Solution File, Format Version 12.00
# Visual Studio Version 16
VisualStudioVersion = 16.0.29503.13
MinimumVisualStudioVersion = 10.0.40219.1
Project("{9A19103F-16F7-4668-BE54-9A1E7A4F7556}") = "TldcFare.WebApi", "TldcFare\TldcFare.WebApi.csproj", "{A18F6700-E4CE-4180-8989-F489E6654B12}"
EndProject
Project("{9A19103F-16F7-4668-BE54-9A1E7A4F7556}") = "TldcFare.Dal", "TldcFare.Dal\TldcFare.Dal.csproj", "{57115073-4DE7-4C92-9E2A-80F8F955ABCE}"
EndProject
Global
	GlobalSection(SolutionConfigurationPlatforms) = preSolution
		Debug|Any CPU = Debug|Any CPU
		Release|Any CPU = Release|Any CPU
	EndGlobalSection
	GlobalSection(ProjectConfigurationPlatforms) = postSolution
		{A18F6700-E4CE-4180-8989-F489E6654B12}.Debug|Any CPU.ActiveCfg = Debug|Any CPU
		{A18F6700-E4CE-4180-8989-F489E6654B12}.Debug|Any CPU.Build.0 = Debug|Any CPU
		{A18F6700-E4CE-4180-8989-F489E6654B12}.Release|Any CPU.ActiveCfg = Release|Any CPU
		{A18F6700-E4CE-4180-8989-F489E6654B12}.Release|Any CPU.Build.0 = Release|Any CPU
		{57115073-4DE7-4C92-9E2A-80F8F955ABCE}.Debug|Any CPU.ActiveCfg = Debug|Any CPU
		{57115073-4DE7-4C92-9E2A-80F8F955ABCE}.Debug|Any CPU.Build.0 = Debug|Any CPU
		{57115073-4DE7-4C92-9E2A-80F8F955ABCE}.Release|Any CPU.ActiveCfg = Release|Any CPU
		{57115073-4DE7-4C92-9E2A-80F8F955ABCE}.Release|Any CPU.Build.0 = Release|Any CPU
	EndGlobalSection
	GlobalSection(SolutionProperties) = preSolution
		HideSolutionNode = FALSE
	EndGlobalSection
	GlobalSection(ExtensibilityGlobals) = postSolution
		SolutionGuid = {48D041FC-85C7-4845-96E0-7668C043D6CD}
	EndGlobalSection
EndGlobal
